{
  "object": {
    "pins": [
      {
        "package": "GiphyUISDK",
        "repositoryURL": "https://github.com/Giphy/giphy-ios-sdk",
        "state": {
          "branch": null,
          "revision": "2d86146e89260b344b71a6f373bedde91bc24e57",
          "version": "2.1.7"
        }
      },
      {
        "package": "libwebp",
        "repositoryURL": "https://github.com/SDWebImage/libwebp-Xcode",
        "state": {
          "branch": null,
          "revision": "289862b9466243cdec407997d4cb8ba529359a99",
          "version": "1.2.0"
        }
      }
    ]
  },
  "version": 1
}
